{
  "name": "neon-dds-convert",
  "version": "0.1.0",
  "lockfileVersion": 3,
  "requires": true,
  "packages": {
    "": {
      "name": "neon-dds-convert",
      "version": "0.1.0",
      "license": "ISC",
      "devDependencies": {
        "@neon-rs/cli": "0.1.73"
      }
    },
    "node_modules/@cargo-messages/win32-x64-msvc": {
      "version": "0.1.72",
      "resolved": "https://registry.npmjs.org/@cargo-messages/win32-x64-msvc/-/win32-x64-msvc-0.1.72.tgz",
      "integrity": "sha512-knz3uSrO0OSbq3U5VWfCY8FB4NsM43BOWLZ7x4sfaMOC1XWv+IyvDdkLe6DhJx8KUw46KIAimYs9YROrp6l46Q==",
      "cpu": [
        "x64"
      ],
      "dev": true,
      "license": "MIT",
      "optional": true,
      "os": [
        "win32"
      ]
    },
    "node_modules/@neon-rs/cli": {
      "version": "0.1.73",
      "resolved": "https://registry.npmjs.org/@neon-rs/cli/-/cli-0.1.73.tgz",
      "integrity": "sha512-1kv8S/feB6UQWQQwsnGfkSkEBOtlFDNExnioL81E2BwvUWgjQPaseHgpi2EpWVgsPUgur5eBm4QowmlpWkD4/w==",
      "dev": true,
      "license": "MIT",
      "bin": {
        "neon": "index.js"
      },
      "optionalDependencies": {
        "@cargo-messages/android-arm-eabi": "0.1.72",
        "@cargo-messages/darwin-arm64": "0.1.72",
        "@cargo-messages/darwin-x64": "0.1.72",
        "@cargo-messages/linux-arm-gnueabihf": "0.1.72",
        "@cargo-messages/linux-x64-gnu": "0.1.72",
        "@cargo-messages/win32-arm64-msvc": "0.1.72",
        "@cargo-messages/win32-x64-msvc": "0.1.72"
      }
    }
  }
}
